
Microsoft Visual Studio Solution File, Format Version 12.00
# Visual Studio 15
Project("{FAE04EC0-301F-11D3-BF4B-00C04F79EFBC}") = "Assembly-CSharp", "Assembly-CSharp.csproj", "{66527C44-C397-5B2F-763E-C8D7C2BCBA8C}"
EndProject
Project("{FAE04EC0-301F-11D3-BF4B-00C04F79EFBC}") = "Assembly-CSharp-Editor", "Assembly-CSharp-Editor.csproj", "{23EFD94A-7C77-917F-9CB4-818F34451963}"
EndProject
Global
	GlobalSection(SolutionConfigurationPlatforms) = preSolution
		Debug|Any CPU = Debug|Any CPU
		Release|Any CPU = Release|Any CPU
	EndGlobalSection
	GlobalSection(ProjectConfigurationPlatforms) = postSolution
		{66527C44-C397-5B2F-763E-C8D7C2BCBA8C}.Debug|Any CPU.ActiveCfg = Debug|Any CPU
		{66527C44-C397-5B2F-763E-C8D7C2BCBA8C}.Debug|Any CPU.Build.0 = Debug|Any CPU
		{66527C44-C397-5B2F-763E-C8D7C2BCBA8C}.Release|Any CPU.ActiveCfg = Release|Any CPU
		{66527C44-C397-5B2F-763E-C8D7C2BCBA8C}.Release|Any CPU.Build.0 = Release|Any CPU
		{23EFD94A-7C77-917F-9CB4-818F34451963}.Debug|Any CPU.ActiveCfg = Debug|Any CPU
		{23EFD94A-7C77-917F-9CB4-818F34451963}.Debug|Any CPU.Build.0 = Debug|Any CPU
		{23EFD94A-7C77-917F-9CB4-818F34451963}.Release|Any CPU.ActiveCfg = Release|Any CPU
		{23EFD94A-7C77-917F-9CB4-818F34451963}.Release|Any CPU.Build.0 = Release|Any CPU
	EndGlobalSection
	GlobalSection(SolutionProperties) = preSolution
		HideSolutionNode = FALSE
	EndGlobalSection
EndGlobal
